
Microsoft Visual Studio Solution File, Format Version 12.00
# Visual Studio Version 17
VisualStudioVersion = 17.6.33829.357
MinimumVisualStudioVersion = 10.0.40219.1
Project("{FAE04EC0-301F-11D3-BF4B-00C04F79EFBC}") = "Kings_Field_Additional", "Kings_Field_Additional\Kings_Field_Additional.csproj", "{EBF5334B-45B0-4ADF-B119-026853790790}"
EndProject
Global
	GlobalSection(SolutionConfigurationPlatforms) = preSolution
		Debug|Any CPU = Debug|Any CPU
		Release|Any CPU = Release|Any CPU
	EndGlobalSection
	GlobalSection(ProjectConfigurationPlatforms) = postSolution
		{EBF5334B-45B0-4ADF-B119-026853790790}.Debug|Any CPU.ActiveCfg = Debug|Any CPU
		{EBF5334B-45B0-4ADF-B119-026853790790}.Debug|Any CPU.Build.0 = Debug|Any CPU
		{EBF5334B-45B0-4ADF-B119-026853790790}.Release|Any CPU.ActiveCfg = Release|Any CPU
		{EBF5334B-45B0-4ADF-B119-026853790790}.Release|Any CPU.Build.0 = Release|Any CPU
	EndGlobalSection
	GlobalSection(SolutionProperties) = preSolution
		HideSolutionNode = FALSE
	EndGlobalSection
	GlobalSection(ExtensibilityGlobals) = postSolution
		SolutionGuid = {D8A9E46A-D8E3-4962-836D-9AB91C82A5D9}
	EndGlobalSection
EndGlobal
